
Microsoft Visual Studio Solution File, Format Version 12.00
# Visual Studio Version 17
VisualStudioVersion = 17.3.32825.248
MinimumVisualStudioVersion = 10.0.40219.1
Project("{FAE04EC0-301F-11D3-BF4B-00C04F79EFBC}") = "Tree", "Tree\Tree.csproj", "{CC207BB8-D26C-41C8-8E58-97EE476F86C3}"
EndProject
Global
	GlobalSection(SolutionConfigurationPlatforms) = preSolution
		Debug|Any CPU = Debug|Any CPU
		Release|Any CPU = Release|Any CPU
	EndGlobalSection
	GlobalSection(ProjectConfigurationPlatforms) = postSolution
		{CC207BB8-D26C-41C8-8E58-97EE476F86C3}.Debug|Any CPU.ActiveCfg = Debug|Any CPU
		{CC207BB8-D26C-41C8-8E58-97EE476F86C3}.Debug|Any CPU.Build.0 = Debug|Any CPU
		{CC207BB8-D26C-41C8-8E58-97EE476F86C3}.Release|Any CPU.ActiveCfg = Release|Any CPU
		{CC207BB8-D26C-41C8-8E58-97EE476F86C3}.Release|Any CPU.Build.0 = Release|Any CPU
	EndGlobalSection
	GlobalSection(SolutionProperties) = preSolution
		HideSolutionNode = FALSE
	EndGlobalSection
	GlobalSection(ExtensibilityGlobals) = postSolution
		SolutionGuid = {F0626EC0-AA60-41ED-BF4E-E5710C1E5FE3}
	EndGlobalSection
EndGlobal
